
Microsoft Visual Studio Solution File, Format Version 12.00
# Visual Studio 14
VisualStudioVersion = 14.0.25420.1
MinimumVisualStudioVersion = 10.0.40219.1
Project("{F184B08F-C81C-45F6-A57F-5ABD9991F28F}") = "sjilk_1B1", "sjilk_1B1\sjilk_1B1.vbproj", "{D42E6935-A947-4875-9DFB-B28338E4FB3A}"
EndProject
Project("{F184B08F-C81C-45F6-A57F-5ABD9991F28F}") = "sjilk_1C2", "sjilk_1C2\sjilk_1C2.vbproj", "{5B793399-5EAC-4784-9BB5-8D308A33F0A0}"
EndProject
Project("{F184B08F-C81C-45F6-A57F-5ABD9991F28F}") = "sjilk_1d1", "sjilk_1D1\sjilk_1d1.vbproj", "{7691698E-10E6-4345-BDAA-97C98B4DAACE}"
EndProject
Project("{F184B08F-C81C-45F6-A57F-5ABD9991F28F}") = "sjilk_1e1", "sjilk_1E1\sjilk_1e1.vbproj", "{6561F37D-DF96-41A1-B742-827B6202DC59}"
EndProject
Global
	GlobalSection(SolutionConfigurationPlatforms) = preSolution
		Debug|Any CPU = Debug|Any CPU
		Release|Any CPU = Release|Any CPU
	EndGlobalSection
	GlobalSection(ProjectConfigurationPlatforms) = postSolution
		{D42E6935-A947-4875-9DFB-B28338E4FB3A}.Debug|Any CPU.ActiveCfg = Debug|Any CPU
		{D42E6935-A947-4875-9DFB-B28338E4FB3A}.Debug|Any CPU.Build.0 = Debug|Any CPU
		{D42E6935-A947-4875-9DFB-B28338E4FB3A}.Release|Any CPU.ActiveCfg = Release|Any CPU
		{D42E6935-A947-4875-9DFB-B28338E4FB3A}.Release|Any CPU.Build.0 = Release|Any CPU
		{5B793399-5EAC-4784-9BB5-8D308A33F0A0}.Debug|Any CPU.ActiveCfg = Debug|Any CPU
		{5B793399-5EAC-4784-9BB5-8D308A33F0A0}.Debug|Any CPU.Build.0 = Debug|Any CPU
		{5B793399-5EAC-4784-9BB5-8D308A33F0A0}.Release|Any CPU.ActiveCfg = Release|Any CPU
		{5B793399-5EAC-4784-9BB5-8D308A33F0A0}.Release|Any CPU.Build.0 = Release|Any CPU
		{7691698E-10E6-4345-BDAA-97C98B4DAACE}.Debug|Any CPU.ActiveCfg = Debug|Any CPU
		{7691698E-10E6-4345-BDAA-97C98B4DAACE}.Debug|Any CPU.Build.0 = Debug|Any CPU
		{7691698E-10E6-4345-BDAA-97C98B4DAACE}.Release|Any CPU.ActiveCfg = Release|Any CPU
		{7691698E-10E6-4345-BDAA-97C98B4DAACE}.Release|Any CPU.Build.0 = Release|Any CPU
		{6561F37D-DF96-41A1-B742-827B6202DC59}.Debug|Any CPU.ActiveCfg = Debug|Any CPU
		{6561F37D-DF96-41A1-B742-827B6202DC59}.Debug|Any CPU.Build.0 = Debug|Any CPU
		{6561F37D-DF96-41A1-B742-827B6202DC59}.Release|Any CPU.ActiveCfg = Release|Any CPU
		{6561F37D-DF96-41A1-B742-827B6202DC59}.Release|Any CPU.Build.0 = Release|Any CPU
	EndGlobalSection
	GlobalSection(SolutionProperties) = preSolution
		HideSolutionNode = FALSE
	EndGlobalSection
EndGlobal
