
Microsoft Visual Studio Solution File, Format Version 12.00
# Visual Studio 14
VisualStudioVersion = 14.0.25420.1
MinimumVisualStudioVersion = 10.0.40219.1
Project("{F184B08F-C81C-45F6-A57F-5ABD9991F28F}") = "sjilk_1B1", "sjilk_1B1\sjilk_1B1.vbproj", "{D42E6935-A947-4875-9DFB-B28338E4FB3A}"
EndProject
Project("{F184B08F-C81C-45F6-A57F-5ABD9991F28F}") = "sjilk_1C2", "sjilk_1C2\sjilk_1C2.vbproj", "{5B793399-5EAC-4784-9BB5-8D308A33F0A0}"
EndProject
Project("{F184B08F-C81C-45F6-A57F-5ABD9991F28F}") = "sjilk_1d1", "sjilk_1D1\sjilk_1d1.vbproj", "{7691698E-10E6-4345-BDAA-97C98B4DAACE}"
EndProject
Project("{F184B08F-C81C-45F6-A57F-5ABD9991F28F}") = "sjilk_1e1", "sjilk_1E1\sjilk_1e1.vbproj", "{6561F37D-DF96-41A1-B742-827B6202DC59}"
EndProject
Project("{F184B08F-C81C-45F6-A57F-5ABD9991F28F}") = "sjilk_1f1", "sjilk_1f1\sjilk_1f1.vbproj", "{457592BC-A0A0-43B1-9389-7E7C605A8237}"
EndProject
Project("{F184B08F-C81C-45F6-A57F-5ABD9991F28F}") = "sjilk_1G1", "sjilk_1G1\sjilk_1G1.vbproj", "{3B429838-B82C-44D9-962F-17A0A6D27D62}"
EndProject
Project("{F184B08F-C81C-45F6-A57F-5ABD9991F28F}") = "SJILK_1H1", "SJILK_1H1\SJILK_1H1.vbproj", "{AE3A53C2-B3BB-4A6E-A565-5029F2ABD7D8}"
EndProject
Project("{F184B08F-C81C-45F6-A57F-5ABD9991F28F}") = "Sjilk_2a1", "SJILK_2A1\Sjilk_2a1.vbproj", "{DD1EA9DB-C0A0-435E-B579-58F8661896A3}"
EndProject
Project("{F184B08F-C81C-45F6-A57F-5ABD9991F28F}") = "sjilk_2B1", "sjilk_2B1\sjilk_2B1.vbproj", "{659DD5FA-1DE6-48DD-9A6F-C8D9D16B6F97}"
EndProject
Project("{F184B08F-C81C-45F6-A57F-5ABD9991F28F}") = "sjilk2C1", "sjilk2C1\sjilk2C1.vbproj", "{EA03CC13-B842-4289-B87D-EEEBD4284566}"
EndProject
Project("{F184B08F-C81C-45F6-A57F-5ABD9991F28F}") = "SJILK_2F1", "SJILK_2F1\SJILK_2F1.vbproj", "{78F6264D-D898-4ADB-B04E-313E7B40952A}"
EndProject
Project("{F184B08F-C81C-45F6-A57F-5ABD9991F28F}") = "SJILK_2D1", "WindowsApplication1\SJILK_2D1.vbproj", "{349FB502-CD7B-4824-BC85-57AF2CB9E164}"
EndProject
Project("{F184B08F-C81C-45F6-A57F-5ABD9991F28F}") = "SJILK_2E1", "SJILK_2E1\SJILK_2E1.vbproj", "{9B53939F-3940-4E3A-A901-7BB878B2AB5A}"
EndProject
Project("{F184B08F-C81C-45F6-A57F-5ABD9991F28F}") = "SJILK_2G1", "SJILK_2G1\SJILK_2G1.vbproj", "{71CBCF49-295A-4939-A7FD-0A2D66AD30A3}"
EndProject
Project("{F184B08F-C81C-45F6-A57F-5ABD9991F28F}") = "Jetters Project", "SJILK\Jetters Project.vbproj", "{B448F313-7C90-44A9-AF5D-8632D3A0B73F}"
EndProject
Project("{F184B08F-C81C-45F6-A57F-5ABD9991F28F}") = "SJILK_2H1", "SJILK_2H1\SJILK_2H1.vbproj", "{598EFB97-CC32-4A1A-8904-868ABCB59A15}"
EndProject
Project("{F184B08F-C81C-45F6-A57F-5ABD9991F28F}") = "sjilk_2I1", "sjilk_2I1\sjilk_2I1.vbproj", "{CC05DD0C-AB5C-4D9A-882E-73CAE481BE75}"
EndProject
Global
	GlobalSection(SolutionConfigurationPlatforms) = preSolution
		Debug|Any CPU = Debug|Any CPU
		Release|Any CPU = Release|Any CPU
	EndGlobalSection
	GlobalSection(ProjectConfigurationPlatforms) = postSolution
		{D42E6935-A947-4875-9DFB-B28338E4FB3A}.Debug|Any CPU.ActiveCfg = Debug|Any CPU
		{D42E6935-A947-4875-9DFB-B28338E4FB3A}.Debug|Any CPU.Build.0 = Debug|Any CPU
		{D42E6935-A947-4875-9DFB-B28338E4FB3A}.Release|Any CPU.ActiveCfg = Release|Any CPU
		{D42E6935-A947-4875-9DFB-B28338E4FB3A}.Release|Any CPU.Build.0 = Release|Any CPU
		{5B793399-5EAC-4784-9BB5-8D308A33F0A0}.Debug|Any CPU.ActiveCfg = Debug|Any CPU
		{5B793399-5EAC-4784-9BB5-8D308A33F0A0}.Debug|Any CPU.Build.0 = Debug|Any CPU
		{5B793399-5EAC-4784-9BB5-8D308A33F0A0}.Release|Any CPU.ActiveCfg = Release|Any CPU
		{5B793399-5EAC-4784-9BB5-8D308A33F0A0}.Release|Any CPU.Build.0 = Release|Any CPU
		{7691698E-10E6-4345-BDAA-97C98B4DAACE}.Debug|Any CPU.ActiveCfg = Debug|Any CPU
		{7691698E-10E6-4345-BDAA-97C98B4DAACE}.Debug|Any CPU.Build.0 = Debug|Any CPU
		{7691698E-10E6-4345-BDAA-97C98B4DAACE}.Release|Any CPU.ActiveCfg = Release|Any CPU
		{7691698E-10E6-4345-BDAA-97C98B4DAACE}.Release|Any CPU.Build.0 = Release|Any CPU
		{6561F37D-DF96-41A1-B742-827B6202DC59}.Debug|Any CPU.ActiveCfg = Debug|Any CPU
		{6561F37D-DF96-41A1-B742-827B6202DC59}.Debug|Any CPU.Build.0 = Debug|Any CPU
		{6561F37D-DF96-41A1-B742-827B6202DC59}.Release|Any CPU.ActiveCfg = Release|Any CPU
		{6561F37D-DF96-41A1-B742-827B6202DC59}.Release|Any CPU.Build.0 = Release|Any CPU
		{457592BC-A0A0-43B1-9389-7E7C605A8237}.Debug|Any CPU.ActiveCfg = Debug|Any CPU
		{457592BC-A0A0-43B1-9389-7E7C605A8237}.Debug|Any CPU.Build.0 = Debug|Any CPU
		{457592BC-A0A0-43B1-9389-7E7C605A8237}.Release|Any CPU.ActiveCfg = Release|Any CPU
		{457592BC-A0A0-43B1-9389-7E7C605A8237}.Release|Any CPU.Build.0 = Release|Any CPU
		{3B429838-B82C-44D9-962F-17A0A6D27D62}.Debug|Any CPU.ActiveCfg = Debug|Any CPU
		{3B429838-B82C-44D9-962F-17A0A6D27D62}.Debug|Any CPU.Build.0 = Debug|Any CPU
		{3B429838-B82C-44D9-962F-17A0A6D27D62}.Release|Any CPU.ActiveCfg = Release|Any CPU
		{3B429838-B82C-44D9-962F-17A0A6D27D62}.Release|Any CPU.Build.0 = Release|Any CPU
		{AE3A53C2-B3BB-4A6E-A565-5029F2ABD7D8}.Debug|Any CPU.ActiveCfg = Debug|Any CPU
		{AE3A53C2-B3BB-4A6E-A565-5029F2ABD7D8}.Debug|Any CPU.Build.0 = Debug|Any CPU
		{AE3A53C2-B3BB-4A6E-A565-5029F2ABD7D8}.Release|Any CPU.ActiveCfg = Release|Any CPU
		{AE3A53C2-B3BB-4A6E-A565-5029F2ABD7D8}.Release|Any CPU.Build.0 = Release|Any CPU
		{DD1EA9DB-C0A0-435E-B579-58F8661896A3}.Debug|Any CPU.ActiveCfg = Debug|Any CPU
		{DD1EA9DB-C0A0-435E-B579-58F8661896A3}.Debug|Any CPU.Build.0 = Debug|Any CPU
		{DD1EA9DB-C0A0-435E-B579-58F8661896A3}.Release|Any CPU.ActiveCfg = Release|Any CPU
		{DD1EA9DB-C0A0-435E-B579-58F8661896A3}.Release|Any CPU.Build.0 = Release|Any CPU
		{659DD5FA-1DE6-48DD-9A6F-C8D9D16B6F97}.Debug|Any CPU.ActiveCfg = Debug|Any CPU
		{659DD5FA-1DE6-48DD-9A6F-C8D9D16B6F97}.Debug|Any CPU.Build.0 = Debug|Any CPU
		{659DD5FA-1DE6-48DD-9A6F-C8D9D16B6F97}.Release|Any CPU.ActiveCfg = Release|Any CPU
		{659DD5FA-1DE6-48DD-9A6F-C8D9D16B6F97}.Release|Any CPU.Build.0 = Release|Any CPU
		{EA03CC13-B842-4289-B87D-EEEBD4284566}.Debug|Any CPU.ActiveCfg = Debug|Any CPU
		{EA03CC13-B842-4289-B87D-EEEBD4284566}.Debug|Any CPU.Build.0 = Debug|Any CPU
		{EA03CC13-B842-4289-B87D-EEEBD4284566}.Release|Any CPU.ActiveCfg = Release|Any CPU
		{EA03CC13-B842-4289-B87D-EEEBD4284566}.Release|Any CPU.Build.0 = Release|Any CPU
		{78F6264D-D898-4ADB-B04E-313E7B40952A}.Debug|Any CPU.ActiveCfg = Debug|Any CPU
		{78F6264D-D898-4ADB-B04E-313E7B40952A}.Debug|Any CPU.Build.0 = Debug|Any CPU
		{78F6264D-D898-4ADB-B04E-313E7B40952A}.Release|Any CPU.ActiveCfg = Release|Any CPU
		{78F6264D-D898-4ADB-B04E-313E7B40952A}.Release|Any CPU.Build.0 = Release|Any CPU
		{349FB502-CD7B-4824-BC85-57AF2CB9E164}.Debug|Any CPU.ActiveCfg = Debug|Any CPU
		{349FB502-CD7B-4824-BC85-57AF2CB9E164}.Debug|Any CPU.Build.0 = Debug|Any CPU
		{349FB502-CD7B-4824-BC85-57AF2CB9E164}.Release|Any CPU.ActiveCfg = Release|Any CPU
		{349FB502-CD7B-4824-BC85-57AF2CB9E164}.Release|Any CPU.Build.0 = Release|Any CPU
		{9B53939F-3940-4E3A-A901-7BB878B2AB5A}.Debug|Any CPU.ActiveCfg = Debug|Any CPU
		{9B53939F-3940-4E3A-A901-7BB878B2AB5A}.Debug|Any CPU.Build.0 = Debug|Any CPU
		{9B53939F-3940-4E3A-A901-7BB878B2AB5A}.Release|Any CPU.ActiveCfg = Release|Any CPU
		{9B53939F-3940-4E3A-A901-7BB878B2AB5A}.Release|Any CPU.Build.0 = Release|Any CPU
		{71CBCF49-295A-4939-A7FD-0A2D66AD30A3}.Debug|Any CPU.ActiveCfg = Debug|Any CPU
		{71CBCF49-295A-4939-A7FD-0A2D66AD30A3}.Debug|Any CPU.Build.0 = Debug|Any CPU
		{71CBCF49-295A-4939-A7FD-0A2D66AD30A3}.Release|Any CPU.ActiveCfg = Release|Any CPU
		{71CBCF49-295A-4939-A7FD-0A2D66AD30A3}.Release|Any CPU.Build.0 = Release|Any CPU
		{B448F313-7C90-44A9-AF5D-8632D3A0B73F}.Debug|Any CPU.ActiveCfg = Debug|Any CPU
		{B448F313-7C90-44A9-AF5D-8632D3A0B73F}.Debug|Any CPU.Build.0 = Debug|Any CPU
		{B448F313-7C90-44A9-AF5D-8632D3A0B73F}.Release|Any CPU.ActiveCfg = Release|Any CPU
		{B448F313-7C90-44A9-AF5D-8632D3A0B73F}.Release|Any CPU.Build.0 = Release|Any CPU
		{598EFB97-CC32-4A1A-8904-868ABCB59A15}.Debug|Any CPU.ActiveCfg = Debug|Any CPU
		{598EFB97-CC32-4A1A-8904-868ABCB59A15}.Debug|Any CPU.Build.0 = Debug|Any CPU
		{598EFB97-CC32-4A1A-8904-868ABCB59A15}.Release|Any CPU.ActiveCfg = Release|Any CPU
		{598EFB97-CC32-4A1A-8904-868ABCB59A15}.Release|Any CPU.Build.0 = Release|Any CPU
		{CC05DD0C-AB5C-4D9A-882E-73CAE481BE75}.Debug|Any CPU.ActiveCfg = Debug|Any CPU
		{CC05DD0C-AB5C-4D9A-882E-73CAE481BE75}.Debug|Any CPU.Build.0 = Debug|Any CPU
		{CC05DD0C-AB5C-4D9A-882E-73CAE481BE75}.Release|Any CPU.ActiveCfg = Release|Any CPU
		{CC05DD0C-AB5C-4D9A-882E-73CAE481BE75}.Release|Any CPU.Build.0 = Release|Any CPU
	EndGlobalSection
	GlobalSection(SolutionProperties) = preSolution
		HideSolutionNode = FALSE
	EndGlobalSection
EndGlobal
